
Microsoft Visual Studio Solution File, Format Version 12.00
# Visual Studio Version 17
VisualStudioVersion = 17.12.35707.178
MinimumVisualStudioVersion = 10.0.40219.1
Project("{FAE04EC0-301F-11D3-BF4B-00C04F79EFBC}") = "DynamicCloudFormationTemplate", "DynamicCloudFormationTemplate\DynamicCloudFormationTemplate.csproj", "{913ECBFD-6E5A-4AFA-9DC7-B19BA54E038F}"
EndProject
Project("{2150E333-8FDC-42A3-9474-1A3956D46DE8}") = "Generated Yaml", "Generated Yaml", "{354511AC-EA64-4BED-9A2E-4F817634D797}"
	ProjectSection(SolutionItems) = preProject
		DynamicCloudFormationTemplate\bin\Debug\net8.0\cloudformation-template.yaml = DynamicCloudFormationTemplate\bin\Debug\net8.0\cloudformation-template.yaml
	EndProjectSection
EndProject
Global
	GlobalSection(SolutionConfigurationPlatforms) = preSolution
		Debug|Any CPU = Debug|Any CPU
		Release|Any CPU = Release|Any CPU
	EndGlobalSection
	GlobalSection(ProjectConfigurationPlatforms) = postSolution
		{913ECBFD-6E5A-4AFA-9DC7-B19BA54E038F}.Debug|Any CPU.ActiveCfg = Debug|Any CPU
		{913ECBFD-6E5A-4AFA-9DC7-B19BA54E038F}.Debug|Any CPU.Build.0 = Debug|Any CPU
		{913ECBFD-6E5A-4AFA-9DC7-B19BA54E038F}.Release|Any CPU.ActiveCfg = Release|Any CPU
		{913ECBFD-6E5A-4AFA-9DC7-B19BA54E038F}.Release|Any CPU.Build.0 = Release|Any CPU
	EndGlobalSection
	GlobalSection(SolutionProperties) = preSolution
		HideSolutionNode = FALSE
	EndGlobalSection
EndGlobal
